// !$*UTF8*$!
{
	archiveVersion = 1;
	classes = {
	};
	objectVersion = 48;
	objects = {

/* Begin PBXBuildFile section */
		EA02A4A5203F6E3800B6557F /* GlyphExtractor.cpp in Sources */ = {isa = PBXBuildFile; fileRef = EA02A4A4203F6E3800B6557F /* GlyphExtractor.cpp */; };
		EA3D959C2035F0CE00FE1DEE /* main.cpp in Sources */ = {isa = PBXBuildFile; fileRef = EA3D959B2035F0CE00FE1DEE /* main.cpp */; };
		EA3D95A42035F11000FE1DEE /* OpenGL.framework in Frameworks */ = {isa = PBXBuildFile; fileRef = EA3D95A32035F11000FE1DEE /* OpenGL.framework */; };
		EA3D95A62035F12800FE1DEE /* libglfw.3.2.dylib in Frameworks */ = {isa = PBXBuildFile; fileRef = EA3D95A52035F12800FE1DEE /* libglfw.3.2.dylib */; };
		EA3D95A82035F14500FE1DEE /* libGLEW.2.1.0.dylib in Frameworks */ = {isa = PBXBuildFile; fileRef = EA3D95A72035F14500FE1DEE /* libGLEW.2.1.0.dylib */; };
		EA3D95B82035F1AF00FE1DEE /* glad.c in Sources */ = {isa = PBXBuildFile; fileRef = EA3D95B02035F1AF00FE1DEE /* glad.c */; };
		EA3D95C72035F32B00FE1DEE /* texture.cpp in Sources */ = {isa = PBXBuildFile; fileRef = EA3D95C62035F32B00FE1DEE /* texture.cpp */; };
		EA841EA9203FC83D008ADA24 /* libfreetype.6.dylib in Frameworks */ = {isa = PBXBuildFile; fileRef = EA02A4A6203F715B00B6557F /* libfreetype.6.dylib */; };
/* End PBXBuildFile section */

/* Begin PBXCopyFilesBuildPhase section */
		EA3D95962035F0CE00FE1DEE /* CopyFiles */ = {
			isa = PBXCopyFilesBuildPhase;
			buildActionMask = 2147483647;
			dstPath = /usr/share/man/man1/;
			dstSubfolderSpec = 0;
			files = (
			);
			runOnlyForDeploymentPostprocessing = 1;
		};
/* End PBXCopyFilesBuildPhase section */

/* Begin PBXFileReference section */
		EA02A4A3203F6E3800B6557F /* GlyphExtractor.h */ = {isa = PBXFileReference; fileEncoding = 4; lastKnownFileType = sourcecode.c.h; path = GlyphExtractor.h; sourceTree = "<group>"; };
		EA02A4A4203F6E3800B6557F /* GlyphExtractor.cpp */ = {isa = PBXFileReference; fileEncoding = 4; lastKnownFileType = sourcecode.cpp.cpp; path = GlyphExtractor.cpp; sourceTree = "<group>"; };
		EA02A4A6203F715B00B6557F /* libfreetype.6.dylib */ = {isa = PBXFileReference; lastKnownFileType = "compiled.mach-o.dylib"; name = libfreetype.6.dylib; path = ../../../../usr/local/Cellar/freetype/2.9/lib/libfreetype.6.dylib; sourceTree = "<group>"; };
		EA3D95982035F0CE00FE1DEE /* graphics_assig_3_1 */ = {isa = PBXFileReference; explicitFileType = "compiled.mach-o.executable"; includeInIndex = 0; path = graphics_assig_3_1; sourceTree = BUILT_PRODUCTS_DIR; };
		EA3D959B2035F0CE00FE1DEE /* main.cpp */ = {isa = PBXFileReference; lastKnownFileType = sourcecode.cpp.cpp; path = main.cpp; sourceTree = "<group>"; };
		EA3D95A32035F11000FE1DEE /* OpenGL.framework */ = {isa = PBXFileReference; lastKnownFileType = wrapper.framework; name = OpenGL.framework; path = System/Library/Frameworks/OpenGL.framework; sourceTree = SDKROOT; };
		EA3D95A52035F12800FE1DEE /* libglfw.3.2.dylib */ = {isa = PBXFileReference; lastKnownFileType = "compiled.mach-o.dylib"; name = libglfw.3.2.dylib; path = ../../../../usr/local/Cellar/glfw/3.2.1/lib/libglfw.3.2.dylib; sourceTree = "<group>"; };
		EA3D95A72035F14500FE1DEE /* libGLEW.2.1.0.dylib */ = {isa = PBXFileReference; lastKnownFileType = "compiled.mach-o.dylib"; name = libGLEW.2.1.0.dylib; path = ../../../../usr/local/Cellar/glew/2.1.0/lib/libGLEW.2.1.0.dylib; sourceTree = "<group>"; };
		EA3D95AC2035F1AF00FE1DEE /* khrplatform.h */ = {isa = PBXFileReference; fileEncoding = 4; lastKnownFileType = sourcecode.c.h; path = khrplatform.h; sourceTree = "<group>"; };
		EA3D95AE2035F1AF00FE1DEE /* glad.h */ = {isa = PBXFileReference; fileEncoding = 4; lastKnownFileType = sourcecode.c.h; path = glad.h; sourceTree = "<group>"; };
		EA3D95B02035F1AF00FE1DEE /* glad.c */ = {isa = PBXFileReference; fileEncoding = 4; lastKnownFileType = sourcecode.c.c; path = glad.c; sourceTree = "<group>"; };
		EA3D95C12035F32B00FE1DEE /* tessControl.glsl */ = {isa = PBXFileReference; fileEncoding = 4; lastKnownFileType = text; path = tessControl.glsl; sourceTree = "<group>"; };
		EA3D95C22035F32B00FE1DEE /* tessEval.glsl */ = {isa = PBXFileReference; fileEncoding = 4; lastKnownFileType = text; path = tessEval.glsl; sourceTree = "<group>"; };
		EA3D95C32035F32B00FE1DEE /* fragment.glsl */ = {isa = PBXFileReference; fileEncoding = 4; lastKnownFileType = text; path = fragment.glsl; sourceTree = "<group>"; };
		EA3D95C42035F32B00FE1DEE /* vertex.glsl */ = {isa = PBXFileReference; fileEncoding = 4; lastKnownFileType = text; path = vertex.glsl; sourceTree = "<group>"; };
		EA3D95C52035F32B00FE1DEE /* texture.h */ = {isa = PBXFileReference; fileEncoding = 4; lastKnownFileType = sourcecode.c.h; path = texture.h; sourceTree = "<group>"; };
		EA3D95C62035F32B00FE1DEE /* texture.cpp */ = {isa = PBXFileReference; fileEncoding = 4; lastKnownFileType = sourcecode.cpp.cpp; path = texture.cpp; sourceTree = "<group>"; };
		EA59F2F0204206B300AFA270 /* README.pdf */ = {isa = PBXFileReference; lastKnownFileType = image.pdf; path = README.pdf; sourceTree = "<group>"; };
		EA6F64B72044D18B00A978D0 /* README.md */ = {isa = PBXFileReference; fileEncoding = 4; lastKnownFileType = net.daringfireball.markdown; path = README.md; sourceTree = "<group>"; };
		EA841EAB203FDE06008ADA24 /* Inconsolata.otf */ = {isa = PBXFileReference; lastKnownFileType = file; path = Inconsolata.otf; sourceTree = "<group>"; };
		EABFDA662040ABF600C12B16 /* SourceSansPro-Light.otf */ = {isa = PBXFileReference; lastKnownFileType = file; path = "SourceSansPro-Light.otf"; sourceTree = "<group>"; };
		EABFDA672040ABF600C12B16 /* SourceSansPro-LightIt.otf */ = {isa = PBXFileReference; lastKnownFileType = file; path = "SourceSansPro-LightIt.otf"; sourceTree = "<group>"; };
		EABFDA682040ABF600C12B16 /* SourceSansPro-SemiboldIt.otf */ = {isa = PBXFileReference; lastKnownFileType = file; path = "SourceSansPro-SemiboldIt.otf"; sourceTree = "<group>"; };
		EABFDA692040ABF600C12B16 /* SIL Open Font License.txt */ = {isa = PBXFileReference; fileEncoding = 4; lastKnownFileType = text; path = "SIL Open Font License.txt"; sourceTree = "<group>"; };
		EABFDA6A2040ABF600C12B16 /* SourceSansPro-It.otf */ = {isa = PBXFileReference; lastKnownFileType = file; path = "SourceSansPro-It.otf"; sourceTree = "<group>"; };
		EABFDA6B2040ABF600C12B16 /* SourceSansPro-Bold.otf */ = {isa = PBXFileReference; lastKnownFileType = file; path = "SourceSansPro-Bold.otf"; sourceTree = "<group>"; };
		EABFDA6C2040ABF600C12B16 /* SourceSansPro-Regular.otf */ = {isa = PBXFileReference; lastKnownFileType = file; path = "SourceSansPro-Regular.otf"; sourceTree = "<group>"; };
		EABFDA6D2040ABF600C12B16 /* SourceSansPro-BoldIt.otf */ = {isa = PBXFileReference; lastKnownFileType = file; path = "SourceSansPro-BoldIt.otf"; sourceTree = "<group>"; };
		EABFDA6E2040ABF600C12B16 /* SourceSansPro-BlackIt.otf */ = {isa = PBXFileReference; lastKnownFileType = file; path = "SourceSansPro-BlackIt.otf"; sourceTree = "<group>"; };
		EABFDA6F2040ABF600C12B16 /* SourceSansPro-ExtraLightIt.otf */ = {isa = PBXFileReference; lastKnownFileType = file; path = "SourceSansPro-ExtraLightIt.otf"; sourceTree = "<group>"; };
		EABFDA702040ABF600C12B16 /* SourceSansPro-ExtraLight.otf */ = {isa = PBXFileReference; lastKnownFileType = file; path = "SourceSansPro-ExtraLight.otf"; sourceTree = "<group>"; };
		EABFDA712040ABF600C12B16 /* SourceSansPro-Semibold.otf */ = {isa = PBXFileReference; lastKnownFileType = file; path = "SourceSansPro-Semibold.otf"; sourceTree = "<group>"; };
		EABFDA722040ABF600C12B16 /* SourceSansPro-Black.otf */ = {isa = PBXFileReference; lastKnownFileType = file; path = "SourceSansPro-Black.otf"; sourceTree = "<group>"; };
		EABFDA742040ABF600C12B16 /* SIL Open Font License.txt */ = {isa = PBXFileReference; fileEncoding = 4; lastKnownFileType = text; path = "SIL Open Font License.txt"; sourceTree = "<group>"; };
		EABFDA752040ABF600C12B16 /* AlexBrush-Regular.ttf */ = {isa = PBXFileReference; lastKnownFileType = file; path = "AlexBrush-Regular.ttf"; sourceTree = "<group>"; };
		EABFDA772040ABF600C12B16 /* Lora-Italic.ttf */ = {isa = PBXFileReference; lastKnownFileType = file; path = "Lora-Italic.ttf"; sourceTree = "<group>"; };
		EABFDA782040ABF600C12B16 /* SIL Open Font License.txt */ = {isa = PBXFileReference; fileEncoding = 4; lastKnownFileType = text; path = "SIL Open Font License.txt"; sourceTree = "<group>"; };
		EABFDA792040ABF600C12B16 /* Lora-Bold.ttf */ = {isa = PBXFileReference; lastKnownFileType = file; path = "Lora-Bold.ttf"; sourceTree = "<group>"; };
		EABFDA7A2040ABF600C12B16 /* Lora-BoldItalic.ttf */ = {isa = PBXFileReference; lastKnownFileType = file; path = "Lora-BoldItalic.ttf"; sourceTree = "<group>"; };
		EABFDA7B2040ABF600C12B16 /* Lora-Regular.ttf */ = {isa = PBXFileReference; lastKnownFileType = file; path = "Lora-Regular.ttf"; sourceTree = "<group>"; };
		EABFDA7C2040B77400C12B16 /* Qarmic_sans_Abridged.ttf */ = {isa = PBXFileReference; lastKnownFileType = file; path = Qarmic_sans_Abridged.ttf; sourceTree = "<group>"; };
		EAFDDC1F2044B333001861EE /* pointVertex.glsl */ = {isa = PBXFileReference; lastKnownFileType = text; path = pointVertex.glsl; sourceTree = "<group>"; };
		EAFDDC202044B33F001861EE /* pointFragment.glsl */ = {isa = PBXFileReference; lastKnownFileType = text; path = pointFragment.glsl; sourceTree = "<group>"; };
/* End PBXFileReference section */

/* Begin PBXFrameworksBuildPhase section */
		EA3D95952035F0CE00FE1DEE /* Frameworks */ = {
			isa = PBXFrameworksBuildPhase;
			buildActionMask = 2147483647;
			files = (
				EA841EA9203FC83D008ADA24 /* libfreetype.6.dylib in Frameworks */,
				EA3D95A82035F14500FE1DEE /* libGLEW.2.1.0.dylib in Frameworks */,
				EA3D95A62035F12800FE1DEE /* libglfw.3.2.dylib in Frameworks */,
				EA3D95A42035F11000FE1DEE /* OpenGL.framework in Frameworks */,
			);
			runOnlyForDeploymentPostprocessing = 0;
		};
/* End PBXFrameworksBuildPhase section */

/* Begin PBXGroup section */
		EA3D958F2035F0CE00FE1DEE = {
			isa = PBXGroup;
			children = (
				EA3D959A2035F0CE00FE1DEE /* graphics_assig_3_1 */,
				EA3D95992035F0CE00FE1DEE /* Products */,
				EA3D95A22035F11000FE1DEE /* Frameworks */,
			);
			sourceTree = "<group>";
		};
		EA3D95992035F0CE00FE1DEE /* Products */ = {
			isa = PBXGroup;
			children = (
				EA3D95982035F0CE00FE1DEE /* graphics_assig_3_1 */,
			);
			name = Products;
			sourceTree = "<group>";
		};
		EA3D959A2035F0CE00FE1DEE /* graphics_assig_3_1 */ = {
			isa = PBXGroup;
			children = (
				EA6F64B72044D18B00A978D0 /* README.md */,
				EA59F2F0204206B300AFA270 /* README.pdf */,
				EA841EAA203FDDC7008ADA24 /* fonts */,
				EA3D95C02035F32B00FE1DEE /* shaders */,
				EA3D95C62035F32B00FE1DEE /* texture.cpp */,
				EA3D95C52035F32B00FE1DEE /* texture.h */,
				EA3D95A92035F1AF00FE1DEE /* glad */,
				EA3D959B2035F0CE00FE1DEE /* main.cpp */,
			);
			path = graphics_assig_3_1;
			sourceTree = "<group>";
		};
		EA3D95A22035F11000FE1DEE /* Frameworks */ = {
			isa = PBXGroup;
			children = (
				EA02A4A6203F715B00B6557F /* libfreetype.6.dylib */,
				EA3D95A72035F14500FE1DEE /* libGLEW.2.1.0.dylib */,
				EA3D95A52035F12800FE1DEE /* libglfw.3.2.dylib */,
				EA3D95A32035F11000FE1DEE /* OpenGL.framework */,
			);
			name = Frameworks;
			sourceTree = "<group>";
		};
		EA3D95A92035F1AF00FE1DEE /* glad */ = {
			isa = PBXGroup;
			children = (
				EA3D95AA2035F1AF00FE1DEE /* include */,
				EA3D95AF2035F1AF00FE1DEE /* src */,
			);
			path = glad;
			sourceTree = "<group>";
		};
		EA3D95AA2035F1AF00FE1DEE /* include */ = {
			isa = PBXGroup;
			children = (
				EA3D95AB2035F1AF00FE1DEE /* KHR */,
				EA3D95AD2035F1AF00FE1DEE /* glad */,
			);
			path = include;
			sourceTree = "<group>";
		};
		EA3D95AB2035F1AF00FE1DEE /* KHR */ = {
			isa = PBXGroup;
			children = (
				EA3D95AC2035F1AF00FE1DEE /* khrplatform.h */,
			);
			path = KHR;
			sourceTree = "<group>";
		};
		EA3D95AD2035F1AF00FE1DEE /* glad */ = {
			isa = PBXGroup;
			children = (
				EA3D95AE2035F1AF00FE1DEE /* glad.h */,
			);
			path = glad;
			sourceTree = "<group>";
		};
		EA3D95AF2035F1AF00FE1DEE /* src */ = {
			isa = PBXGroup;
			children = (
				EA3D95B02035F1AF00FE1DEE /* glad.c */,
			);
			path = src;
			sourceTree = "<group>";
		};
		EA3D95C02035F32B00FE1DEE /* shaders */ = {
			isa = PBXGroup;
			children = (
				EA3D95C12035F32B00FE1DEE /* tessControl.glsl */,
				EA3D95C22035F32B00FE1DEE /* tessEval.glsl */,
				EA3D95C32035F32B00FE1DEE /* fragment.glsl */,
				EA3D95C42035F32B00FE1DEE /* vertex.glsl */,
				EAFDDC1F2044B333001861EE /* pointVertex.glsl */,
				EAFDDC202044B33F001861EE /* pointFragment.glsl */,
			);
			path = shaders;
			sourceTree = "<group>";
		};
		EA841EAA203FDDC7008ADA24 /* fonts */ = {
			isa = PBXGroup;
			children = (
				EABFDA7C2040B77400C12B16 /* Qarmic_sans_Abridged.ttf */,
				EABFDA732040ABF600C12B16 /* alex-brush */,
				EABFDA762040ABF600C12B16 /* lora */,
				EABFDA652040ABF600C12B16 /* source-sans-pro */,
				EA841EAB203FDE06008ADA24 /* Inconsolata.otf */,
				EA02A4A4203F6E3800B6557F /* GlyphExtractor.cpp */,
				EA02A4A3203F6E3800B6557F /* GlyphExtractor.h */,
			);
			path = fonts;
			sourceTree = "<group>";
		};
		EABFDA652040ABF600C12B16 /* source-sans-pro */ = {
			isa = PBXGroup;
			children = (
				EABFDA662040ABF600C12B16 /* SourceSansPro-Light.otf */,
				EABFDA672040ABF600C12B16 /* SourceSansPro-LightIt.otf */,
				EABFDA682040ABF600C12B16 /* SourceSansPro-SemiboldIt.otf */,
				EABFDA692040ABF600C12B16 /* SIL Open Font License.txt */,
				EABFDA6A2040ABF600C12B16 /* SourceSansPro-It.otf */,
				EABFDA6B2040ABF600C12B16 /* SourceSansPro-Bold.otf */,
				EABFDA6C2040ABF600C12B16 /* SourceSansPro-Regular.otf */,
				EABFDA6D2040ABF600C12B16 /* SourceSansPro-BoldIt.otf */,
				EABFDA6E2040ABF600C12B16 /* SourceSansPro-BlackIt.otf */,
				EABFDA6F2040ABF600C12B16 /* SourceSansPro-ExtraLightIt.otf */,
				EABFDA702040ABF600C12B16 /* SourceSansPro-ExtraLight.otf */,
				EABFDA712040ABF600C12B16 /* SourceSansPro-Semibold.otf */,
				EABFDA722040ABF600C12B16 /* SourceSansPro-Black.otf */,
			);
			path = "source-sans-pro";
			sourceTree = "<group>";
		};
		EABFDA732040ABF600C12B16 /* alex-brush */ = {
			isa = PBXGroup;
			children = (
				EABFDA742040ABF600C12B16 /* SIL Open Font License.txt */,
				EABFDA752040ABF600C12B16 /* AlexBrush-Regular.ttf */,
			);
			path = "alex-brush";
			sourceTree = "<group>";
		};
		EABFDA762040ABF600C12B16 /* lora */ = {
			isa = PBXGroup;
			children = (
				EABFDA772040ABF600C12B16 /* Lora-Italic.ttf */,
				EABFDA782040ABF600C12B16 /* SIL Open Font License.txt */,
				EABFDA792040ABF600C12B16 /* Lora-Bold.ttf */,
				EABFDA7A2040ABF600C12B16 /* Lora-BoldItalic.ttf */,
				EABFDA7B2040ABF600C12B16 /* Lora-Regular.ttf */,
			);
			path = lora;
			sourceTree = "<group>";
		};
/* End PBXGroup section */

/* Begin PBXNativeTarget section */
		EA3D95972035F0CE00FE1DEE /* graphics_assig_3_1 */ = {
			isa = PBXNativeTarget;
			buildConfigurationList = EA3D959F2035F0CE00FE1DEE /* Build configuration list for PBXNativeTarget "graphics_assig_3_1" */;
			buildPhases = (
				EA3D95942035F0CE00FE1DEE /* Sources */,
				EA3D95952035F0CE00FE1DEE /* Frameworks */,
				EA3D95962035F0CE00FE1DEE /* CopyFiles */,
			);
			buildRules = (
			);
			dependencies = (
			);
			name = graphics_assig_3_1;
			productName = graphics_assig_3_1;
			productReference = EA3D95982035F0CE00FE1DEE /* graphics_assig_3_1 */;
			productType = "com.apple.product-type.tool";
		};
/* End PBXNativeTarget section */

/* Begin PBXProject section */
		EA3D95902035F0CE00FE1DEE /* Project object */ = {
			isa = PBXProject;
			attributes = {
				LastUpgradeCheck = 0920;
				ORGANIZATIONNAME = "Farzam Noori";
				TargetAttributes = {
					EA3D95972035F0CE00FE1DEE = {
						CreatedOnToolsVersion = 9.2;
						ProvisioningStyle = Automatic;
					};
				};
			};
			buildConfigurationList = EA3D95932035F0CE00FE1DEE /* Build configuration list for PBXProject "graphics_assig_3_1" */;
			compatibilityVersion = "Xcode 8.0";
			developmentRegion = en;
			hasScannedForEncodings = 0;
			knownRegions = (
				en,
			);
			mainGroup = EA3D958F2035F0CE00FE1DEE;
			productRefGroup = EA3D95992035F0CE00FE1DEE /* Products */;
			projectDirPath = "";
			projectRoot = "";
			targets = (
				EA3D95972035F0CE00FE1DEE /* graphics_assig_3_1 */,
			);
		};
/* End PBXProject section */

/* Begin PBXSourcesBuildPhase section */
		EA3D95942035F0CE00FE1DEE /* Sources */ = {
			isa = PBXSourcesBuildPhase;
			buildActionMask = 2147483647;
			files = (
				EA3D95C72035F32B00FE1DEE /* texture.cpp in Sources */,
				EA3D959C2035F0CE00FE1DEE /* main.cpp in Sources */,
				EA3D95B82035F1AF00FE1DEE /* glad.c in Sources */,
				EA02A4A5203F6E3800B6557F /* GlyphExtractor.cpp in Sources */,
			);
			runOnlyForDeploymentPostprocessing = 0;
		};
/* End PBXSourcesBuildPhase section */

/* Begin XCBuildConfiguration section */
		EA3D959D2035F0CE00FE1DEE /* Debug */ = {
			isa = XCBuildConfiguration;
			buildSettings = {
				ALWAYS_SEARCH_USER_PATHS = NO;
				CLANG_ANALYZER_NONNULL = YES;
				CLANG_ANALYZER_NUMBER_OBJECT_CONVERSION = YES_AGGRESSIVE;
				CLANG_CXX_LANGUAGE_STANDARD = "gnu++14";
				CLANG_CXX_LIBRARY = "libc++";
				CLANG_ENABLE_MODULES = YES;
				CLANG_ENABLE_OBJC_ARC = YES;
				CLANG_WARN_BLOCK_CAPTURE_AUTORELEASING = YES;
				CLANG_WARN_BOOL_CONVERSION = YES;
				CLANG_WARN_COMMA = YES;
				CLANG_WARN_CONSTANT_CONVERSION = YES;
				CLANG_WARN_DIRECT_OBJC_ISA_USAGE = YES_ERROR;
				CLANG_WARN_DOCUMENTATION_COMMENTS = YES;
				CLANG_WARN_EMPTY_BODY = YES;
				CLANG_WARN_ENUM_CONVERSION = YES;
				CLANG_WARN_INFINITE_RECURSION = YES;
				CLANG_WARN_INT_CONVERSION = YES;
				CLANG_WARN_NON_LITERAL_NULL_CONVERSION = YES;
				CLANG_WARN_OBJC_LITERAL_CONVERSION = YES;
				CLANG_WARN_OBJC_ROOT_CLASS = YES_ERROR;
				CLANG_WARN_RANGE_LOOP_ANALYSIS = YES;
				CLANG_WARN_STRICT_PROTOTYPES = YES;
				CLANG_WARN_SUSPICIOUS_MOVE = YES;
				CLANG_WARN_UNGUARDED_AVAILABILITY = YES_AGGRESSIVE;
				CLANG_WARN_UNREACHABLE_CODE = YES;
				CLANG_WARN__DUPLICATE_METHOD_MATCH = YES;
				CODE_SIGN_IDENTITY = "-";
				COPY_PHASE_STRIP = NO;
				DEBUG_INFORMATION_FORMAT = dwarf;
				ENABLE_STRICT_OBJC_MSGSEND = YES;
				ENABLE_TESTABILITY = YES;
				GCC_C_LANGUAGE_STANDARD = gnu11;
				GCC_DYNAMIC_NO_PIC = NO;
				GCC_NO_COMMON_BLOCKS = YES;
				GCC_OPTIMIZATION_LEVEL = 0;
				GCC_PREPROCESSOR_DEFINITIONS = (
					"DEBUG=1",
					"$(inherited)",
				);
				GCC_WARN_64_TO_32_BIT_CONVERSION = YES;
				GCC_WARN_ABOUT_RETURN_TYPE = YES_ERROR;
				GCC_WARN_UNDECLARED_SELECTOR = YES;
				GCC_WARN_UNINITIALIZED_AUTOS = YES_AGGRESSIVE;
				GCC_WARN_UNUSED_FUNCTION = YES;
				GCC_WARN_UNUSED_VARIABLE = YES;
				MACOSX_DEPLOYMENT_TARGET = 10.13;
				MTL_ENABLE_DEBUG_INFO = YES;
				ONLY_ACTIVE_ARCH = YES;
				SDKROOT = macosx;
			};
			name = Debug;
		};
		EA3D959E2035F0CE00FE1DEE /* Release */ = {
			isa = XCBuildConfiguration;
			buildSettings = {
				ALWAYS_SEARCH_USER_PATHS = NO;
				CLANG_ANALYZER_NONNULL = YES;
				CLANG_ANALYZER_NUMBER_OBJECT_CONVERSION = YES_AGGRESSIVE;
				CLANG_CXX_LANGUAGE_STANDARD = "gnu++14";
				CLANG_CXX_LIBRARY = "libc++";
				CLANG_ENABLE_MODULES = YES;
				CLANG_ENABLE_OBJC_ARC = YES;
				CLANG_WARN_BLOCK_CAPTURE_AUTORELEASING = YES;
				CLANG_WARN_BOOL_CONVERSION = YES;
				CLANG_WARN_COMMA = YES;
				CLANG_WARN_CONSTANT_CONVERSION = YES;
				CLANG_WARN_DIRECT_OBJC_ISA_USAGE = YES_ERROR;
				CLANG_WARN_DOCUMENTATION_COMMENTS = YES;
				CLANG_WARN_EMPTY_BODY = YES;
				CLANG_WARN_ENUM_CONVERSION = YES;
				CLANG_WARN_INFINITE_RECURSION = YES;
				CLANG_WARN_INT_CONVERSION = YES;
				CLANG_WARN_NON_LITERAL_NULL_CONVERSION = YES;
				CLANG_WARN_OBJC_LITERAL_CONVERSION = YES;
				CLANG_WARN_OBJC_ROOT_CLASS = YES_ERROR;
				CLANG_WARN_RANGE_LOOP_ANALYSIS = YES;
				CLANG_WARN_STRICT_PROTOTYPES = YES;
				CLANG_WARN_SUSPICIOUS_MOVE = YES;
				CLANG_WARN_UNGUARDED_AVAILABILITY = YES_AGGRESSIVE;
				CLANG_WARN_UNREACHABLE_CODE = YES;
				CLANG_WARN__DUPLICATE_METHOD_MATCH = YES;
				CODE_SIGN_IDENTITY = "-";
				COPY_PHASE_STRIP = NO;
				DEBUG_INFORMATION_FORMAT = "dwarf-with-dsym";
				ENABLE_NS_ASSERTIONS = NO;
				ENABLE_STRICT_OBJC_MSGSEND = YES;
				GCC_C_LANGUAGE_STANDARD = gnu11;
				GCC_NO_COMMON_BLOCKS = YES;
				GCC_WARN_64_TO_32_BIT_CONVERSION = YES;
				GCC_WARN_ABOUT_RETURN_TYPE = YES_ERROR;
				GCC_WARN_UNDECLARED_SELECTOR = YES;
				GCC_WARN_UNINITIALIZED_AUTOS = YES_AGGRESSIVE;
				GCC_WARN_UNUSED_FUNCTION = YES;
				GCC_WARN_UNUSED_VARIABLE = YES;
				MACOSX_DEPLOYMENT_TARGET = 10.13;
				MTL_ENABLE_DEBUG_INFO = NO;
				SDKROOT = macosx;
			};
			name = Release;
		};
		EA3D95A02035F0CE00FE1DEE /* Debug */ = {
			isa = XCBuildConfiguration;
			buildSettings = {
				CODE_SIGN_STYLE = Automatic;
				HEADER_SEARCH_PATHS = (
					/usr/local/opt/freetype/include/freetype2,
					/usr/local/include,
				);
				LIBRARY_SEARCH_PATHS = (
					"$(inherited)",
					/usr/local/Cellar/glfw/3.2.1/lib,
					/usr/local/Cellar/glew/2.1.0/lib,
					/usr/local/Cellar/freetype/2.9/lib,
					/usr/local/opt/freetype/lib,
				);
				OTHER_LDFLAGS = "-lfreetype";
				PRODUCT_NAME = "$(TARGET_NAME)";
			};
			name = Debug;
		};
		EA3D95A12035F0CE00FE1DEE /* Release */ = {
			isa = XCBuildConfiguration;
			buildSettings = {
				CODE_SIGN_STYLE = Automatic;
				HEADER_SEARCH_PATHS = (
					/usr/local/opt/freetype/include/freetype2,
					/usr/local/include,
				);
				LIBRARY_SEARCH_PATHS = (
					"$(inherited)",
					/usr/local/Cellar/glfw/3.2.1/lib,
					/usr/local/Cellar/glew/2.1.0/lib,
					/usr/local/Cellar/freetype/2.9/lib,
					/usr/local/opt/freetype/lib,
				);
				OTHER_LDFLAGS = "-lfreetype";
				PRODUCT_NAME = "$(TARGET_NAME)";
			};
			name = Release;
		};
/* End XCBuildConfiguration section */

/* Begin XCConfigurationList section */
		EA3D95932035F0CE00FE1DEE /* Build configuration list for PBXProject "graphics_assig_3_1" */ = {
			isa = XCConfigurationList;
			buildConfigurations = (
				EA3D959D2035F0CE00FE1DEE /* Debug */,
				EA3D959E2035F0CE00FE1DEE /* Release */,
			);
			defaultConfigurationIsVisible = 0;
			defaultConfigurationName = Release;
		};
		EA3D959F2035F0CE00FE1DEE /* Build configuration list for PBXNativeTarget "graphics_assig_3_1" */ = {
			isa = XCConfigurationList;
			buildConfigurations = (
				EA3D95A02035F0CE00FE1DEE /* Debug */,
				EA3D95A12035F0CE00FE1DEE /* Release */,
			);
			defaultConfigurationIsVisible = 0;
			defaultConfigurationName = Release;
		};
/* End XCConfigurationList section */
	};
	rootObject = EA3D95902035F0CE00FE1DEE /* Project object */;
}
